
Microsoft Visual Studio Solution File, Format Version 12.00
# Visual Studio Version 17
VisualStudioVersion = 17.7.34024.191
MinimumVisualStudioVersion = 10.0.40219.1
Project("{8BC9CEB8-8B4A-11D0-8D11-00A0C91BC942}") = "Game_HC", "Game_HC\Game_HC.vcxproj", "{04163660-84F0-44A5-A4DB-4000CB4CF85F}"
EndProject
Project("{8BC9CEB8-8B4A-11D0-8D11-00A0C91BC942}") = "Beaver", "Beaver\Beaver.vcxproj", "{589F5053-E300-470B-87AC-7B872A93476D}"
EndProject
Project("{8BC9CEB8-8B4A-11D0-8D11-00A0C91BC942}") = "glfw", "glfw_project\src\glfw.vcxproj", "{F900447F-CFA5-3B39-A18C-9D795F3332AB}"
EndProject
Global
	GlobalSection(SolutionConfigurationPlatforms) = preSolution
		Debug|x64 = Debug|x64
		Debug|x86 = Debug|x86
		MinSizeRel|x64 = MinSizeRel|x64
		MinSizeRel|x86 = MinSizeRel|x86
		Release|x64 = Release|x64
		Release|x86 = Release|x86
		RelWithDebInfo|x64 = RelWithDebInfo|x64
		RelWithDebInfo|x86 = RelWithDebInfo|x86
	EndGlobalSection
	GlobalSection(ProjectConfigurationPlatforms) = postSolution
		{04163660-84F0-44A5-A4DB-4000CB4CF85F}.Debug|x64.ActiveCfg = Debug|x64
		{04163660-84F0-44A5-A4DB-4000CB4CF85F}.Debug|x64.Build.0 = Debug|x64
		{04163660-84F0-44A5-A4DB-4000CB4CF85F}.Debug|x86.ActiveCfg = Debug|Win32
		{04163660-84F0-44A5-A4DB-4000CB4CF85F}.Debug|x86.Build.0 = Debug|Win32
		{04163660-84F0-44A5-A4DB-4000CB4CF85F}.MinSizeRel|x64.ActiveCfg = Release|x64
		{04163660-84F0-44A5-A4DB-4000CB4CF85F}.MinSizeRel|x64.Build.0 = Release|x64
		{04163660-84F0-44A5-A4DB-4000CB4CF85F}.MinSizeRel|x86.ActiveCfg = Release|Win32
		{04163660-84F0-44A5-A4DB-4000CB4CF85F}.MinSizeRel|x86.Build.0 = Release|Win32
		{04163660-84F0-44A5-A4DB-4000CB4CF85F}.Release|x64.ActiveCfg = Release|x64
		{04163660-84F0-44A5-A4DB-4000CB4CF85F}.Release|x64.Build.0 = Release|x64
		{04163660-84F0-44A5-A4DB-4000CB4CF85F}.Release|x86.ActiveCfg = Release|Win32
		{04163660-84F0-44A5-A4DB-4000CB4CF85F}.Release|x86.Build.0 = Release|Win32
		{04163660-84F0-44A5-A4DB-4000CB4CF85F}.RelWithDebInfo|x64.ActiveCfg = Release|x64
		{04163660-84F0-44A5-A4DB-4000CB4CF85F}.RelWithDebInfo|x64.Build.0 = Release|x64
		{04163660-84F0-44A5-A4DB-4000CB4CF85F}.RelWithDebInfo|x86.ActiveCfg = Release|Win32
		{04163660-84F0-44A5-A4DB-4000CB4CF85F}.RelWithDebInfo|x86.Build.0 = Release|Win32
		{589F5053-E300-470B-87AC-7B872A93476D}.Debug|x64.ActiveCfg = Debug|x64
		{589F5053-E300-470B-87AC-7B872A93476D}.Debug|x64.Build.0 = Debug|x64
		{589F5053-E300-470B-87AC-7B872A93476D}.Debug|x86.ActiveCfg = Debug|Win32
		{589F5053-E300-470B-87AC-7B872A93476D}.Debug|x86.Build.0 = Debug|Win32
		{589F5053-E300-470B-87AC-7B872A93476D}.MinSizeRel|x64.ActiveCfg = Release|x64
		{589F5053-E300-470B-87AC-7B872A93476D}.MinSizeRel|x64.Build.0 = Release|x64
		{589F5053-E300-470B-87AC-7B872A93476D}.MinSizeRel|x86.ActiveCfg = Release|Win32
		{589F5053-E300-470B-87AC-7B872A93476D}.MinSizeRel|x86.Build.0 = Release|Win32
		{589F5053-E300-470B-87AC-7B872A93476D}.Release|x64.ActiveCfg = Release|x64
		{589F5053-E300-470B-87AC-7B872A93476D}.Release|x64.Build.0 = Release|x64
		{589F5053-E300-470B-87AC-7B872A93476D}.Release|x86.ActiveCfg = Release|Win32
		{589F5053-E300-470B-87AC-7B872A93476D}.Release|x86.Build.0 = Release|Win32
		{589F5053-E300-470B-87AC-7B872A93476D}.RelWithDebInfo|x64.ActiveCfg = Release|x64
		{589F5053-E300-470B-87AC-7B872A93476D}.RelWithDebInfo|x64.Build.0 = Release|x64
		{589F5053-E300-470B-87AC-7B872A93476D}.RelWithDebInfo|x86.ActiveCfg = Release|Win32
		{589F5053-E300-470B-87AC-7B872A93476D}.RelWithDebInfo|x86.Build.0 = Release|Win32
		{F900447F-CFA5-3B39-A18C-9D795F3332AB}.Debug|x64.ActiveCfg = Debug|x64
		{F900447F-CFA5-3B39-A18C-9D795F3332AB}.Debug|x64.Build.0 = Debug|x64
		{F900447F-CFA5-3B39-A18C-9D795F3332AB}.Debug|x86.ActiveCfg = Debug|x64
		{F900447F-CFA5-3B39-A18C-9D795F3332AB}.Debug|x86.Build.0 = Debug|x64
		{F900447F-CFA5-3B39-A18C-9D795F3332AB}.MinSizeRel|x64.ActiveCfg = MinSizeRel|x64
		{F900447F-CFA5-3B39-A18C-9D795F3332AB}.MinSizeRel|x64.Build.0 = MinSizeRel|x64
		{F900447F-CFA5-3B39-A18C-9D795F3332AB}.MinSizeRel|x86.ActiveCfg = MinSizeRel|x64
		{F900447F-CFA5-3B39-A18C-9D795F3332AB}.MinSizeRel|x86.Build.0 = MinSizeRel|x64
		{F900447F-CFA5-3B39-A18C-9D795F3332AB}.Release|x64.ActiveCfg = Release|x64
		{F900447F-CFA5-3B39-A18C-9D795F3332AB}.Release|x64.Build.0 = Release|x64
		{F900447F-CFA5-3B39-A18C-9D795F3332AB}.Release|x86.ActiveCfg = Release|x64
		{F900447F-CFA5-3B39-A18C-9D795F3332AB}.Release|x86.Build.0 = Release|x64
		{F900447F-CFA5-3B39-A18C-9D795F3332AB}.RelWithDebInfo|x64.ActiveCfg = RelWithDebInfo|x64
		{F900447F-CFA5-3B39-A18C-9D795F3332AB}.RelWithDebInfo|x64.Build.0 = RelWithDebInfo|x64
		{F900447F-CFA5-3B39-A18C-9D795F3332AB}.RelWithDebInfo|x86.ActiveCfg = RelWithDebInfo|x64
		{F900447F-CFA5-3B39-A18C-9D795F3332AB}.RelWithDebInfo|x86.Build.0 = RelWithDebInfo|x64
	EndGlobalSection
	GlobalSection(SolutionProperties) = preSolution
		HideSolutionNode = FALSE
	EndGlobalSection
	GlobalSection(ExtensibilityGlobals) = postSolution
		SolutionGuid = {B6676F93-3FEB-4A4C-9D02-4FFDBF0B18DF}
	EndGlobalSection
EndGlobal
